
Microsoft Visual Studio Solution File, Format Version 12.00
Project("{FAE04EC0-301F-11D3-BF4B-00C04F79EFBC}") = "Hemera", "Hemera\Hemera.csproj", "{9B72DA1C-3D7A-4723-BC48-723AAA7C01D2}"
EndProject
Project("{FAE04EC0-301F-11D3-BF4B-00C04F79EFBC}") = "Hemera.Test", "Hemera.Test\Hemera.Test.csproj", "{C581B43C-9F6D-4192-8428-BB2CE5300804}"
EndProject
Global
	GlobalSection(SolutionConfigurationPlatforms) = preSolution
		Debug|Any CPU = Debug|Any CPU
		Release|Any CPU = Release|Any CPU
	EndGlobalSection
	GlobalSection(ProjectConfigurationPlatforms) = postSolution
		{9B72DA1C-3D7A-4723-BC48-723AAA7C01D2}.Debug|Any CPU.ActiveCfg = Debug|Any CPU
		{9B72DA1C-3D7A-4723-BC48-723AAA7C01D2}.Debug|Any CPU.Build.0 = Debug|Any CPU
		{9B72DA1C-3D7A-4723-BC48-723AAA7C01D2}.Release|Any CPU.ActiveCfg = Release|Any CPU
		{9B72DA1C-3D7A-4723-BC48-723AAA7C01D2}.Release|Any CPU.Build.0 = Release|Any CPU
		{C581B43C-9F6D-4192-8428-BB2CE5300804}.Debug|Any CPU.ActiveCfg = Debug|Any CPU
		{C581B43C-9F6D-4192-8428-BB2CE5300804}.Debug|Any CPU.Build.0 = Debug|Any CPU
		{C581B43C-9F6D-4192-8428-BB2CE5300804}.Release|Any CPU.ActiveCfg = Release|Any CPU
		{C581B43C-9F6D-4192-8428-BB2CE5300804}.Release|Any CPU.Build.0 = Release|Any CPU
	EndGlobalSection
EndGlobal
